
Microsoft Visual Studio Solution File, Format Version 12.00
# Visual Studio 2013
VisualStudioVersion = 12.0.40629.0
MinimumVisualStudioVersion = 10.0.40219.1
Project("{8BC9CEB8-8B4A-11D0-8D11-00A0C91BC942}") = "Inheritance Test", "Inheritance Test\Inheritance Test.vcxproj", "{31D72D5F-14F7-4930-8008-946E06828908}"
EndProject
Global
	GlobalSection(SolutionConfigurationPlatforms) = preSolution
		Debug|Win32 = Debug|Win32
		Release|Win32 = Release|Win32
	EndGlobalSection
	GlobalSection(ProjectConfigurationPlatforms) = postSolution
		{31D72D5F-14F7-4930-8008-946E06828908}.Debug|Win32.ActiveCfg = Debug|Win32
		{31D72D5F-14F7-4930-8008-946E06828908}.Debug|Win32.Build.0 = Debug|Win32
		{31D72D5F-14F7-4930-8008-946E06828908}.Release|Win32.ActiveCfg = Release|Win32
		{31D72D5F-14F7-4930-8008-946E06828908}.Release|Win32.Build.0 = Release|Win32
	EndGlobalSection
	GlobalSection(SolutionProperties) = preSolution
		HideSolutionNode = FALSE
	EndGlobalSection
EndGlobal
